
Microsoft Visual Studio Solution File, Format Version 12.00
# Visual Studio Version 16
VisualStudioVersion = 16.0.30804.86
MinimumVisualStudioVersion = 10.0.40219.1
Project("{FAE04EC0-301F-11D3-BF4B-00C04F79EFBC}") = "Windows", "Windows\Windows.csproj", "{D3413FC4-1BE2-4AF2-AAEF-11D4339A543B}"
EndProject
Global
	GlobalSection(SolutionConfigurationPlatforms) = preSolution
		Debug|Any CPU = Debug|Any CPU
		Release|Any CPU = Release|Any CPU
	EndGlobalSection
	GlobalSection(ProjectConfigurationPlatforms) = postSolution
		{D3413FC4-1BE2-4AF2-AAEF-11D4339A543B}.Debug|Any CPU.ActiveCfg = Debug|Any CPU
		{D3413FC4-1BE2-4AF2-AAEF-11D4339A543B}.Debug|Any CPU.Build.0 = Debug|Any CPU
		{D3413FC4-1BE2-4AF2-AAEF-11D4339A543B}.Release|Any CPU.ActiveCfg = Release|Any CPU
		{D3413FC4-1BE2-4AF2-AAEF-11D4339A543B}.Release|Any CPU.Build.0 = Release|Any CPU
	EndGlobalSection
	GlobalSection(SolutionProperties) = preSolution
		HideSolutionNode = FALSE
	EndGlobalSection
	GlobalSection(ExtensibilityGlobals) = postSolution
		SolutionGuid = {0F7CF536-A0E0-4739-949A-3B723D34C594}
	EndGlobalSection
EndGlobal
